<?xml version="1.0" encoding="utf-8"?>
<Project ToolsVersion="4.0" xmlns="http://schemas.microsoft.com/developer/msbuild/2003">
  <ItemGroup>
    <Filter Include="Source Files">
      <UniqueIdentifier>{4FC737F1-C7A5-4376-A066-2A32D752A2FF}</UniqueIdentifier>
      <Extensions>cpp;c;cc;cxx;def;odl;idl;hpj;bat;asm;asmx</Extensions>
    </Filter>
    <Filter Include="Header Files">
      <UniqueIdentifier>{93995380-89BD-4b04-88EB-625FBE52EBFB}</UniqueIdentifier>
      <Extensions>h;hh;hpp;hxx;hm;inl;inc;xsd</Extensions>
    </Filter>
    <Filter Include="Resource Files">
      <UniqueIdentifier>{67DA6AB6-F800-4c08-8B7A-83BB121AAD01}</UniqueIdentifier>
      <Extensions>rc;ico;cur;bmp;dlg;rc2;rct;bin;rgs;gif;jpg;jpeg;jpe;resx;tiff;tif;png;wav</Extensions>
    </Filter>
  </ItemGroup>
  <ItemGroup>
    <ClCompile Include="BDOReservation.cpp">
      <Filter>Source Files</Filter>
    </ClCompile>
    <ClCompile Include="BDPlanification.cpp">
      <Filter>Source Files</Filter>
    </ClCompile>
    <ClCompile Include="Devise.cpp">
      <Filter>Source Files</Filter>
    </ClCompile>
    <ClCompile Include="FabriqueOffreExcursion.cpp">
      <Filter>Source Files</Filter>
    </ClCompile>
    <ClCompile Include="FabriqueOffreHebergement.cpp">
      <Filter>Source Files</Filter>
    </ClCompile>
    <ClCompile Include="FabriqueOffreVol.cpp">
      <Filter>Source Files</Filter>
    </ClCompile>
    <ClCompile Include="GroupeReservation.cpp">
      <Filter>Source Files</Filter>
    </ClCompile>
    <ClCompile Include="Iterateur.cpp">
      <Filter>Source Files</Filter>
    </ClCompile>
    <ClCompile Include="main.cpp">
      <Filter>Source Files</Filter>
    </ClCompile>
    <ClCompile Include="Offre.cpp">
      <Filter>Source Files</Filter>
    </ClCompile>
    <ClCompile Include="OffreExcursion.cpp">
      <Filter>Source Files</Filter>
    </ClCompile>
    <ClCompile Include="OffreHebergement.cpp">
      <Filter>Source Files</Filter>
    </ClCompile>
    <ClCompile Include="OffreVol.cpp">
      <Filter>Source Files</Filter>
    </ClCompile>
    <ClCompile Include="ProxyOffreReservation.cpp">
      <Filter>Source Files</Filter>
    </ClCompile>
    <ClCompile Include="Reservation.cpp">
      <Filter>Source Files</Filter>
    </ClCompile>
    <ClCompile Include="ReservationElement.cpp">
      <Filter>Source Files</Filter>
    </ClCompile>
    <ClCompile Include="GestionnaireBDOR.cpp">
      <Filter>Source Files</Filter>
    </ClCompile>
    <ClCompile Include="ObservateurRabais.cpp">
      <Filter>Source Files</Filter>
    </ClCompile>
  </ItemGroup>
  <ItemGroup>
    <ClInclude Include="BDOReservation.hpp">
      <Filter>Header Files</Filter>
    </ClInclude>
    <ClInclude Include="BDPlanification.hpp">
      <Filter>Header Files</Filter>
    </ClInclude>
    <ClInclude Include="Devise.hpp">
      <Filter>Header Files</Filter>
    </ClInclude>
    <ClInclude Include="FabriqueOffreExcursion.hpp">
      <Filter>Header Files</Filter>
    </ClInclude>
    <ClInclude Include="FabriqueOffreHebergement.hpp">
      <Filter>Header Files</Filter>
    </ClInclude>
    <ClInclude Include="FabriqueOffreVol.hpp">
      <Filter>Header Files</Filter>
    </ClInclude>
    <ClInclude Include="GroupeReservation.hpp">
      <Filter>Header Files</Filter>
    </ClInclude>
    <ClInclude Include="Iterateur.hpp">
      <Filter>Header Files</Filter>
    </ClInclude>
    <ClInclude Include="Offre.hpp">
      <Filter>Header Files</Filter>
    </ClInclude>
    <ClInclude Include="OffreExcursion.hpp">
      <Filter>Header Files</Filter>
    </ClInclude>
    <ClInclude Include="OffreHebergement.hpp">
      <Filter>Header Files</Filter>
    </ClInclude>
    <ClInclude Include="OffreVol.hpp">
      <Filter>Header Files</Filter>
    </ClInclude>
    <ClInclude Include="ProxyOffreReservation.hpp">
      <Filter>Header Files</Filter>
    </ClInclude>
    <ClInclude Include="Reservation.hpp">
      <Filter>Header Files</Filter>
    </ClInclude>
    <ClInclude Include="ReservationElement.hpp">
      <Filter>Header Files</Filter>
    </ClInclude>
    <ClInclude Include="OffreAbstraite.hpp">
      <Filter>Header Files</Filter>
    </ClInclude>
    <ClInclude Include="DecorateurAbstrait.hpp">
      <Filter>Header Files</Filter>
    </ClInclude>
    <ClInclude Include="DecorateurAjoutCommentaire.hpp">
      <Filter>Header Files</Filter>
    </ClInclude>
    <ClInclude Include="DecorateurAjoutReservation.hpp">
      <Filter>Header Files</Filter>
    </ClInclude>
    <ClInclude Include="GestionnaireDecorateur.hpp">
      <Filter>Header Files</Filter>
    </ClInclude>
    <ClInclude Include="VisiteurEcritureFichier.hpp">
      <Filter>Header Files</Filter>
    </ClInclude>
    <ClInclude Include="VisiteurReservation.hpp">
      <Filter>Header Files</Filter>
    </ClInclude>
    <ClInclude Include="GestionnaireBDOR.hpp">
      <Filter>Header Files</Filter>
    </ClInclude>
    <ClInclude Include="ObservateurRabais.hpp">
      <Filter>Header Files</Filter>
    </ClInclude>
  </ItemGroup>
  <ItemGroup>
    <None Include="offrescsv\Excursions.csv" />
    <None Include="offrescsv\Hebergements.csv" />
    <None Include="offrescsv\Vols.csv" />
  </ItemGroup>
</Project>